
Microsoft Visual Studio Solution File, Format Version 12.00
# Visual Studio Version 17
VisualStudioVersion = 17.5.002.0
MinimumVisualStudioVersion = 10.0.40219.1
Project("{9A19103F-16F7-4668-BE54-9A1E7A4F7556}") = "forlooppractice", "forlooppractice.csproj", "{377BD681-372A-473C-BD5D-D65D78E83996}"
EndProject
Global
	GlobalSection(SolutionConfigurationPlatforms) = preSolution
		Debug|Any CPU = Debug|Any CPU
		Release|Any CPU = Release|Any CPU
	EndGlobalSection
	GlobalSection(ProjectConfigurationPlatforms) = postSolution
		{377BD681-372A-473C-BD5D-D65D78E83996}.Debug|Any CPU.ActiveCfg = Debug|Any CPU
		{377BD681-372A-473C-BD5D-D65D78E83996}.Debug|Any CPU.Build.0 = Debug|Any CPU
		{377BD681-372A-473C-BD5D-D65D78E83996}.Release|Any CPU.ActiveCfg = Release|Any CPU
		{377BD681-372A-473C-BD5D-D65D78E83996}.Release|Any CPU.Build.0 = Release|Any CPU
	EndGlobalSection
	GlobalSection(SolutionProperties) = preSolution
		HideSolutionNode = FALSE
	EndGlobalSection
	GlobalSection(ExtensibilityGlobals) = postSolution
		SolutionGuid = {58598B16-5A4A-4766-938E-8E01048C78E0}
	EndGlobalSection
EndGlobal
